
Microsoft Visual Studio Solution File, Format Version 12.00
# Visual Studio Version 16
VisualStudioVersion = 16.0.29613.14
MinimumVisualStudioVersion = 10.0.40219.1
Project("{FAE04EC0-301F-11D3-BF4B-00C04F79EFBC}") = "Library_VisualComponents", "Library_VisualComponents\Library_VisualComponents.csproj", "{81D116CB-288C-4B2C-A311-0F12BD69BDA2}"
EndProject
Project("{FAE04EC0-301F-11D3-BF4B-00C04F79EFBC}") = "WinFormsTest", "WinFormsTest\WinFormsTest.csproj", "{8D812799-B0CB-4D7E-AFF7-95A5ACE9296B}"
EndProject
Project("{FAE04EC0-301F-11D3-BF4B-00C04F79EFBC}") = "Library_NotVisualComponent", "Library_NotVisualComponent\Library_NotVisualComponent.csproj", "{A8F391BB-6B18-4062-A2A5-25005DEFAD82}"
EndProject
Project("{FAE04EC0-301F-11D3-BF4B-00C04F79EFBC}") = "Library_NotVisualComponents", "Library_NotVisualComponents\Library_NotVisualComponents.csproj", "{B5FE2277-46B8-4AA4-8607-149D4EEAE4BE}"
EndProject
Global
	GlobalSection(SolutionConfigurationPlatforms) = preSolution
		Debug|Any CPU = Debug|Any CPU
		Release|Any CPU = Release|Any CPU
	EndGlobalSection
	GlobalSection(ProjectConfigurationPlatforms) = postSolution
		{81D116CB-288C-4B2C-A311-0F12BD69BDA2}.Debug|Any CPU.ActiveCfg = Debug|Any CPU
		{81D116CB-288C-4B2C-A311-0F12BD69BDA2}.Debug|Any CPU.Build.0 = Debug|Any CPU
		{81D116CB-288C-4B2C-A311-0F12BD69BDA2}.Release|Any CPU.ActiveCfg = Release|Any CPU
		{81D116CB-288C-4B2C-A311-0F12BD69BDA2}.Release|Any CPU.Build.0 = Release|Any CPU
		{8D812799-B0CB-4D7E-AFF7-95A5ACE9296B}.Debug|Any CPU.ActiveCfg = Debug|Any CPU
		{8D812799-B0CB-4D7E-AFF7-95A5ACE9296B}.Debug|Any CPU.Build.0 = Debug|Any CPU
		{8D812799-B0CB-4D7E-AFF7-95A5ACE9296B}.Release|Any CPU.ActiveCfg = Release|Any CPU
		{8D812799-B0CB-4D7E-AFF7-95A5ACE9296B}.Release|Any CPU.Build.0 = Release|Any CPU
		{A8F391BB-6B18-4062-A2A5-25005DEFAD82}.Debug|Any CPU.ActiveCfg = Debug|Any CPU
		{A8F391BB-6B18-4062-A2A5-25005DEFAD82}.Debug|Any CPU.Build.0 = Debug|Any CPU
		{A8F391BB-6B18-4062-A2A5-25005DEFAD82}.Release|Any CPU.ActiveCfg = Release|Any CPU
		{A8F391BB-6B18-4062-A2A5-25005DEFAD82}.Release|Any CPU.Build.0 = Release|Any CPU
		{B5FE2277-46B8-4AA4-8607-149D4EEAE4BE}.Debug|Any CPU.ActiveCfg = Debug|Any CPU
		{B5FE2277-46B8-4AA4-8607-149D4EEAE4BE}.Debug|Any CPU.Build.0 = Debug|Any CPU
		{B5FE2277-46B8-4AA4-8607-149D4EEAE4BE}.Release|Any CPU.ActiveCfg = Release|Any CPU
		{B5FE2277-46B8-4AA4-8607-149D4EEAE4BE}.Release|Any CPU.Build.0 = Release|Any CPU
	EndGlobalSection
	GlobalSection(SolutionProperties) = preSolution
		HideSolutionNode = FALSE
	EndGlobalSection
	GlobalSection(ExtensibilityGlobals) = postSolution
		SolutionGuid = {D994C08C-436E-47DF-95EE-EE41C5059548}
	EndGlobalSection
EndGlobal
